
Microsoft Visual Studio Solution File, Format Version 12.00
# Visual Studio Version 17
VisualStudioVersion = 17.14.36414.22 d17.14
MinimumVisualStudioVersion = 10.0.40219.1
Project("{FAE04EC0-301F-11D3-BF4B-00C04F79EFBC}") = "SentraLock", "SentraLock\SentraLock.csproj", "{8C6A1816-3B02-4A80-9245-AD81B787043F}"
EndProject
Global
	GlobalSection(SolutionConfigurationPlatforms) = preSolution
		Debug|Any CPU = Debug|Any CPU
		Release|Any CPU = Release|Any CPU
	EndGlobalSection
	GlobalSection(ProjectConfigurationPlatforms) = postSolution
		{8C6A1816-3B02-4A80-9245-AD81B787043F}.Debug|Any CPU.ActiveCfg = Debug|Any CPU
		{8C6A1816-3B02-4A80-9245-AD81B787043F}.Debug|Any CPU.Build.0 = Debug|Any CPU
		{8C6A1816-3B02-4A80-9245-AD81B787043F}.Release|Any CPU.ActiveCfg = Release|Any CPU
		{8C6A1816-3B02-4A80-9245-AD81B787043F}.Release|Any CPU.Build.0 = Release|Any CPU
	EndGlobalSection
	GlobalSection(SolutionProperties) = preSolution
		HideSolutionNode = FALSE
	EndGlobalSection
	GlobalSection(ExtensibilityGlobals) = postSolution
		SolutionGuid = {CBF2FDA0-88DD-4FE6-B962-EEDDC65475C3}
	EndGlobalSection
EndGlobal
